{
    "requires": true,
    "lockfileVersion": 1,
    "dependencies": {
        "sass": {
            "version": "1.0.0-beta.4",
            "resolved": "https://registry.npmjs.org/sass/-/sass-1.0.0-beta.4.tgz",
            "integrity": "sha1-is5YRRkEBwwwhpnnVvap1PkgJLU=",
            "dev": true
        }
    }
}
